{
  "name": "notes",
  "lockfileVersion": 2,
  "requires": true,
  "packages": {
    "": {
      "dependencies": {
        "luxon": "^2.3.2",
        "uuid": "^8.3.2"
      }
    },
    "node_modules/luxon": {
      "version": "2.3.2",
      "resolved": "https://registry.npmjs.org/luxon/-/luxon-2.3.2.tgz",
      "integrity": "sha512-MlAQQVMFhGk4WUA6gpfsy0QycnKP0+NlCBJRVRNPxxSIbjrCbQ65nrpJD3FVyJNZLuJ0uoqL57ye6BmDYgHaSw==",
      "engines": {
        "node": ">=12"
      }
    },
    "node_modules/uuid": {
      "version": "8.3.2",
      "resolved": "https://registry.npmjs.org/uuid/-/uuid-8.3.2.tgz",
      "integrity": "sha512-+NYs2QeMWy+GWFOEm9xnn6HCDp0l7QBD7ml8zLUmJ+93Q5NF0NocErnwkTkXVFNiX3/fpC6afS8Dhb/gz7R7eg==",
      "bin": {
        "uuid": "dist/bin/uuid"
      }
    }
  },
  "dependencies": {
    "luxon": {
      "version": "2.3.2",
      "resolved": "https://registry.npmjs.org/luxon/-/luxon-2.3.2.tgz",
      "integrity": "sha512-MlAQQVMFhGk4WUA6gpfsy0QycnKP0+NlCBJRVRNPxxSIbjrCbQ65nrpJD3FVyJNZLuJ0uoqL57ye6BmDYgHaSw=="
    },
    "uuid": {
      "version": "8.3.2",
      "resolved": "https://registry.npmjs.org/uuid/-/uuid-8.3.2.tgz",
      "integrity": "sha512-+NYs2QeMWy+GWFOEm9xnn6HCDp0l7QBD7ml8zLUmJ+93Q5NF0NocErnwkTkXVFNiX3/fpC6afS8Dhb/gz7R7eg=="
    }
  }
}
